github.com/aymanbagabas/go-osc52/v2 v2.0.1 h1:HwpRHbFMcZLEVr42D4p7XBqjyuxQH5SMiErDT4WkJ2k=
github.com/aymanbagabas/go-osc52/v2 v2.0.1/go.mod h1:uYgXzlJ7ZpABp8OJ+exZzJJhRNQ2ASbcXHWsFqH8hp8=
github.com/charmbracelet/lipgloss v0.7.1 h1:17WMwi7N1b1rVWOjMT+rCh7sQkvDU75B2hbZpc5Kc1E=
github.com/charmbracelet/lipgloss v0.7.1/go.mod h1:yG0k3giv8Qj8edTCbbg6AlQ5e8KNWpFujkNawKNhE2c=
github.com/charmbracelet/log v0.2.1 h1:1z7jpkk4yKyjwlmKmKMM5qnEDSpV32E7XtWhuv0mTZE=
github.com/charmbracelet/log v0.2.1/go.mod h1:GwFfjewhcVDWLrpAbY5A0Hin9YOlEn40eWT4PNaxFT4=
github.com/go-logfmt/logfmt v0.6.0 h1:wGYYu3uicYdqXVgoYbvnkrPVXkuLM1p1ifugDMEdRi4=
github.com/go-logfmt/logfmt v0.6.0/go.mod h1:WYhtIu8zTZfxdn5+rREduYbwxfcBr/Vr6KEVveWlfTs=
github.com/lucasb-eyer/go-colorful v1.2.0 h1:1nnpGOrhyZZuNyfu1QjKiUICQ74+3FNCN69Aj6K7nkY=
github.com/lucasb-eyer/go-colorful v1.2.0/go.mod h1:R4dSotOR9KMtayYi1e77YzuveK+i7ruzyGqttikkLy0=
github.com/matryer/is v1.4.0 h1:sosSmIWwkYITGrxZ25ULNDeKiMNzFSr4V/eqBQP0PeE=
github.com/matryer/is v1.4.0/go.mod h1:8I/i5uYgLzgsgEloJE1U6xx5HkBQpAZvepWuujKwMRU=
github.com/mattn/go-isatty v0.0.18 h1:DOKFKCQ7FNG2L1rbrmstDN4QVRdS89Nkh85u68Uwp98=
github.com/mattn/go-isatty v0.0.18/go.mod h1:W+V8PltTTMOvKvAeJH7IuucS94S2C6jfK/D7dTCTo3Y=
github.com/mattn/go-runewidth v0.0.12/go.mod h1:RAqKPSqVFrSLVXbA8x7dzmKdmGzieGRCM46jaSJTDAk=
github.com/mattn/go-runewidth v0.0.14 h1:+xnbZSEeDbOIg5/mE6JF0w6n9duR1l3/WmbinWVwUuU=
github.com/mattn/go-runewidth v0.0.14/go.mod h1:Jdepj2loyihRzMpdS35Xk/zdY8IAYHsh153qUoGf23w=
github.com/muesli/reflow v0.3.0 h1:IFsN6K9NfGtjeggFP+68I4chLZV2yIKsXJFNZ+eWh6s=
github.com/muesli/reflow v0.3.0/go.mod h1:pbwTDkVPibjO2kyvBQRBxTWEEGDGq0FlB1BIKtnHY/8=
github.com/muesli/termenv v0.15.1 h1:UzuTb/+hhlBugQz28rpzey4ZuKcZ03MeKsoG7IJZIxs=
github.com/muesli/termenv v0.15.1/go.mod h1:HeAQPTzpfs016yGtA4g00CsdYnVLJvxsS4ANqrZs2sQ=
github.com/nfnt/resize v0.0.0-20180221191011-83c6a9932646 h1:zYyBkD/k9seD2A7fsi6Oo2LfFZAehjjQMERAvZLEDnQ=
github.com/nfnt/resize v0.0.0-20180221191011-83c6a9932646/go.mod h1:jpp1/29i3P1S/RLdc7JQKbRpFeM1dOBd8T9ki5s+AY8=
github.com/rivo/uniseg v0.1.0/go.mod h1:J6wj4VEh+S6ZtnVlnTBMWIodfgj8LQOQFoIToxlJtxc=
github.com/rivo/uniseg v0.2.0 h1:S1pD9weZBuJdFmowNwbpi7BJ8TNftyUImj/0WQi72jY=
github.com/rivo/uniseg v0.2.0/go.mod h1:J6wj4VEh+S6ZtnVlnTBMWIodfgj8LQOQFoIToxlJtxc=
github.com/russross/blackfriday/v2 v2.1.0 h1:JIOH55/0cWyOuilr9/qlrm0BSXldqnqwMsf35Ld67mk=
github.com/russross/blackfriday/v2 v2.1.0/go.mod h1:+Rmxgy9KzJVeS9/2gXHxylqXiyQDYRxCVz55jmeOWTM=
gitlab.com/golang-commonmark/html v0.0.0-20191124015941-a22733972181 h1:K+bMSIx9A7mLES1rtG+qKduLIXq40DAzYHtb0XuCukA=
gitlab.com/golang-commonmark/html v0.0.0-20191124015941-a22733972181/go.mod h1:dzYhVIwWCtzPAa4QP98wfB9+mzt33MSmM8wsKiMi2ow=
gitlab.com/golang-commonmark/linkify v0.0.0-20191026162114-a0c2df6c8f82 h1:oYrL81N608MLZhma3ruL8qTM4xcpYECGut8KSxRY59g=
gitlab.com/golang-commonmark/linkify v0.0.0-20191026162114-a0c2df6c8f82/go.mod h1:Gn+LZmCrhPECMD3SOKlE+BOHwhOYD9j7WT9NUtkCrC8=
gitlab.com/golang-commonmark/markdown v0.0.0-20211110145824-bf3e522c626a h1:O85GKETcmnCNAfv4Aym9tepU8OE0NmcZNqPlXcsBKBs=
gitlab.com/golang-commonmark/markdown v0.0.0-20211110145824-bf3e522c626a/go.mod h1:LaSIs30YPGs1H5jwGgPhLzc8vkNc/k0rDX/fEZqiU/M=
gitlab.com/golang-commonmark/mdurl v0.0.0-20191124015652-932350d1cb84 h1:qqjvoVXdWIcZCLPMlzgA7P9FZWdPGPvP/l3ef8GzV6o=
gitlab.com/golang-commonmark/mdurl v0.0.0-20191124015652-932350d1cb84/go.mod h1:IJZ+fdMvbW2qW6htJx7sLJ04FEs4Ldl/MDsJtMKywfw=
gitlab.com/golang-commonmark/puny v0.0.0-20191124015043-9f83538fa04f h1:Wku8eEdeJqIOFHtrfkYUByc4bCaTeA6fL0UJgfEiFMI=
gitlab.com/golang-commonmark/puny v0.0.0-20191124015043-9f83538fa04f/go.mod h1:Tiuhl+njh/JIg0uS/sOJVYi0x2HEa5rc1OAaVsb5tAs=
gitlab.com/opennota/wd v0.0.0-20180912061657-c5d65f63c638 h1:uPZaMiz6Sz0PZs3IZJWpU5qHKGNy///1pacZC9txiUI=
gitlab.com/opennota/wd v0.0.0-20180912061657-c5d65f63c638/go.mod h1:EGRJaqe2eO9XGmFtQCvV3Lm9NLico3UhFwUpCG/+mVU=
golang.org/x/sys v0.6.0 h1:MVltZSvRTcU2ljQOhs94SXPftV6DCNnZViHeQps87pQ=
golang.org/x/sys v0.6.0/go.mod h1:oPkhp1MJrh7nUepCBck5+mAzfO9JrbApNNgaTdGDITg=
golang.org/x/text v0.3.2 h1:tW2bmiBqwgJj/UpqtC8EpXEZVYOwU0yG4iWbprSVAcs=
golang.org/x/text v0.3.2/go.mod h1:bEr9sfX3Q8Zfm5fL9x+3itogRgK3+ptLWKqgva+5dAk=
golang.org/x/tools v0.0.0-20180917221912-90fa682c2a6e/go.mod h1:n7NCudcB/nEzxVGmLbDWY5pfWTLqBcC2KZ6jyYvM4mQ=
gopkg.in/check.v1 v0.0.0-20161208181325-20d25e280405/go.mod h1:Co6ibVJAznAaIkqp8huTwlJQCZ016jof/cbN4VW5Yz0=
gopkg.in/yaml.v3 v3.0.1 h1:fxVm/GzAzEWqLHuvctI91KS9hhNmmWOoWu0XTYJS7CA=
gopkg.in/yaml.v3 v3.0.1/go.mod h1:K4uyk7z7BCEPqu6E+C64Yfv1cQ7kz7rIZviUmN+EgEM=
